[[package]]
name = "pyside6"
version = "6.2.4"
description = "Python bindings for the Qt cross-platform application and UI framework"
category = "main"
optional = false
python-versions = ">=3.6, <3.11"

[package.dependencies]
shiboken6 = "6.2.4"

[[package]]
name = "shiboken6"
version = "6.2.4"
description = "Python / C++ bindings helper module"
category = "main"
optional = false
python-versions = ">=3.6, <3.11"

[metadata]
lock-version = "1.1"
python-versions = ">=3.9,<3.11"
content-hash = "9fd749e8da869b3a6a7240d300b8740472d45f390e8d24196079d805e9f1c4e9"

[metadata.files]
pyside6 = [
    {file = "PySide6-6.2.4-6.2.4-cp36.cp37.cp38.cp39.cp310-abi3-macosx_10_14_universal2.whl", hash = "sha256:d18f4d5ad2d4921dbb47166d3fce11a2eca1c83b670e210f983d60871d2e6bdb"},
    {file = "PySide6-6.2.4-6.2.4-cp36.cp37.cp38.cp39.cp310-abi3-manylinux1_x86_64.whl", hash = "sha256:4656853a34bea096bb0a1f74e22607f99cca6e68d55a4f86a73770c5ec74565e"},
    {file = "PySide6-6.2.4-6.2.4-cp36.cp37.cp38.cp39.cp310-none-win_amd64.whl", hash = "sha256:5e79a476fe05f303c1aadf6be7d31c486e6064319393ad1519f1f3f114296571"},
]
shiboken6 = [
    {file = "shiboken6-6.2.4-6.2.4-cp36.cp37.cp38.cp39.cp310-abi3-macosx_10_14_universal2.whl", hash = "sha256:5030b6314ef504cc5d93d272aaef4e0ccb256324caa2de965c88d32c994d98b2"},
    {file = "shiboken6-6.2.4-6.2.4-cp36.cp37.cp38.cp39.cp310-abi3-manylinux1_x86_64.whl", hash = "sha256:05f4652dda7043b1a04265cabc1709c22d643d204fac2c4b0ccf7d0044092c62"},
    {file = "shiboken6-6.2.4-6.2.4-cp36.cp37.cp38.cp39.cp310-none-win_amd64.whl", hash = "sha256:8eb2ed2ba8ec3f6505cf80b81c7e85d996165a9e4664f99675ecc8a82b7b3c36"},
]
